
Microsoft Visual Studio Solution File, Format Version 12.00
# Visual Studio 2012
Project("{2150E333-8FDC-42A3-9474-1A3956D46DE8}") = "Reference", "Reference", "{C5B15F27-C604-4D10-A432-6E4486A42077}"
	ProjectSection(SolutionItems) = preProject
		Docs\rc.h = Docs\rc.h
		Docs\VP.h = Docs\VP.h
	EndProjectSection
EndProject
Project("{FAE04EC0-301F-11D3-BF4B-00C04F79EFBC}") = "VPNet.Examples", "VPNet.Examples\VPNet.Examples.csproj", "{546B2D02-1A97-4CB4-B0A7-D3970FB4DECB}"
EndProject
Project("{FAE04EC0-301F-11D3-BF4B-00C04F79EFBC}") = "VPNet", "VPNet\VPNet.csproj", "{DBE501A7-0176-473F-B2E8-F4ADA721917F}"
EndProject
Project("{2150E333-8FDC-42A3-9474-1A3956D46DE8}") = ".nuget", ".nuget", "{56B073B8-51C5-472B-A8FB-F649C8A0E86C}"
	ProjectSection(SolutionItems) = preProject
		.nuget\NuGet.Config = .nuget\NuGet.Config
		.nuget\NuGet.exe = .nuget\NuGet.exe
		.nuget\NuGet.targets = .nuget\NuGet.targets
	EndProjectSection
EndProject
Project("{2150E333-8FDC-42A3-9474-1A3956D46DE8}") = "Docs", "Docs", "{976CEC0A-CDD6-4FFA-AFB3-F5C18049AE68}"
	ProjectSection(SolutionItems) = preProject
		Docs\Todo.txt = Docs\Todo.txt
	EndProjectSection
EndProject
Global
	GlobalSection(SolutionConfigurationPlatforms) = preSolution
		Debug|Any CPU = Debug|Any CPU
		Debug|Mixed Platforms = Debug|Mixed Platforms
		Release|Any CPU = Release|Any CPU
		Release|Mixed Platforms = Release|Mixed Platforms
	EndGlobalSection
	GlobalSection(ProjectConfigurationPlatforms) = postSolution
		{546B2D02-1A97-4CB4-B0A7-D3970FB4DECB}.Debug|Any CPU.ActiveCfg = Debug|x86
		{546B2D02-1A97-4CB4-B0A7-D3970FB4DECB}.Debug|Any CPU.Build.0 = Debug|x86
		{546B2D02-1A97-4CB4-B0A7-D3970FB4DECB}.Debug|Mixed Platforms.ActiveCfg = Debug|x86
		{546B2D02-1A97-4CB4-B0A7-D3970FB4DECB}.Debug|Mixed Platforms.Build.0 = Debug|x86
		{546B2D02-1A97-4CB4-B0A7-D3970FB4DECB}.Release|Any CPU.ActiveCfg = Release|x86
		{546B2D02-1A97-4CB4-B0A7-D3970FB4DECB}.Release|Any CPU.Build.0 = Release|x86
		{546B2D02-1A97-4CB4-B0A7-D3970FB4DECB}.Release|Mixed Platforms.ActiveCfg = Release|x86
		{546B2D02-1A97-4CB4-B0A7-D3970FB4DECB}.Release|Mixed Platforms.Build.0 = Release|x86
		{DBE501A7-0176-473F-B2E8-F4ADA721917F}.Debug|Any CPU.ActiveCfg = Debug|x86
		{DBE501A7-0176-473F-B2E8-F4ADA721917F}.Debug|Any CPU.Build.0 = Debug|x86
		{DBE501A7-0176-473F-B2E8-F4ADA721917F}.Debug|Mixed Platforms.ActiveCfg = Debug|x86
		{DBE501A7-0176-473F-B2E8-F4ADA721917F}.Debug|Mixed Platforms.Build.0 = Debug|x86
		{DBE501A7-0176-473F-B2E8-F4ADA721917F}.Release|Any CPU.ActiveCfg = Release|x86
		{DBE501A7-0176-473F-B2E8-F4ADA721917F}.Release|Any CPU.Build.0 = Release|x86
		{DBE501A7-0176-473F-B2E8-F4ADA721917F}.Release|Mixed Platforms.ActiveCfg = Release|x86
		{DBE501A7-0176-473F-B2E8-F4ADA721917F}.Release|Mixed Platforms.Build.0 = Release|x86
	EndGlobalSection
	GlobalSection(SolutionProperties) = preSolution
		HideSolutionNode = FALSE
	EndGlobalSection
	GlobalSection(SubversionScc) = preSolution
		Svn-Managed = True
		Manager = AnkhSVN - Subversion Support for Visual Studio
	EndGlobalSection
EndGlobal
