
Microsoft Visual Studio Solution File, Format Version 12.00
# Visual Studio Express 2012 for Windows Desktop
Project("{2150E333-8FDC-42A3-9474-1A3956D46DE8}") = "Reference", "Reference", "{C5B15F27-C604-4D10-A432-6E4486A42077}"
	ProjectSection(SolutionItems) = preProject
		Docs\rc.h = Docs\rc.h
		Docs\VP.h = Docs\VP.h
	EndProjectSection
EndProject
Project("{FAE04EC0-301F-11D3-BF4B-00C04F79EFBC}") = "VPNet.Examples", "VPNet.Examples\VPNet.Examples.csproj", "{546B2D02-1A97-4CB4-B0A7-D3970FB4DECB}"
EndProject
Project("{FAE04EC0-301F-11D3-BF4B-00C04F79EFBC}") = "VPNet", "VPNet\VPNet.csproj", "{DBE501A7-0176-473F-B2E8-F4ADA721917F}"
EndProject
Project("{2150E333-8FDC-42A3-9474-1A3956D46DE8}") = "Docs", "Docs", "{976CEC0A-CDD6-4FFA-AFB3-F5C18049AE68}"
	ProjectSection(SolutionItems) = preProject
		Readme.markdown = Readme.markdown
		Docs\Todo.txt = Docs\Todo.txt
	EndProjectSection
EndProject
Project("{2150E333-8FDC-42A3-9474-1A3956D46DE8}") = "Templates", "Templates", "{BB7B9E04-F29C-418A-A4A8-DAA4FA440C8B}"
EndProject
Project("{FAE04EC0-301F-11D3-BF4B-00C04F79EFBC}") = "Basic Bot", "Templates\Basic Bot\Basic Bot.csproj", "{D8D40F45-9235-408A-9F7D-A2BE253A6498}"
EndProject
Project("{2150E333-8FDC-42A3-9474-1A3956D46DE8}") = ".nuget", ".nuget", "{EB7EC1E9-5432-4A8B-BE0C-3B81D9D791CD}"
	ProjectSection(SolutionItems) = preProject
		.nuget\NuGet.Config = .nuget\NuGet.Config
		.nuget\NuGet.exe = .nuget\NuGet.exe
		.nuget\NuGet.targets = .nuget\NuGet.targets
	EndProjectSection
EndProject
Global
	GlobalSection(SolutionConfigurationPlatforms) = preSolution
		Debug|x86 = Debug|x86
		Release|x86 = Release|x86
	EndGlobalSection
	GlobalSection(ProjectConfigurationPlatforms) = postSolution
		{546B2D02-1A97-4CB4-B0A7-D3970FB4DECB}.Debug|x86.ActiveCfg = Debug|x86
		{546B2D02-1A97-4CB4-B0A7-D3970FB4DECB}.Debug|x86.Build.0 = Debug|x86
		{546B2D02-1A97-4CB4-B0A7-D3970FB4DECB}.Release|x86.ActiveCfg = Release|x86
		{546B2D02-1A97-4CB4-B0A7-D3970FB4DECB}.Release|x86.Build.0 = Release|x86
		{DBE501A7-0176-473F-B2E8-F4ADA721917F}.Debug|x86.ActiveCfg = Debug|x86
		{DBE501A7-0176-473F-B2E8-F4ADA721917F}.Debug|x86.Build.0 = Debug|x86
		{DBE501A7-0176-473F-B2E8-F4ADA721917F}.Release|x86.ActiveCfg = Release|x86
		{DBE501A7-0176-473F-B2E8-F4ADA721917F}.Release|x86.Build.0 = Release|x86
		{D8D40F45-9235-408A-9F7D-A2BE253A6498}.Debug|x86.ActiveCfg = Debug|x86
		{D8D40F45-9235-408A-9F7D-A2BE253A6498}.Release|x86.ActiveCfg = Release|x86
	EndGlobalSection
	GlobalSection(SolutionProperties) = preSolution
		HideSolutionNode = FALSE
	EndGlobalSection
	GlobalSection(NestedProjects) = preSolution
		{D8D40F45-9235-408A-9F7D-A2BE253A6498} = {BB7B9E04-F29C-418A-A4A8-DAA4FA440C8B}
	EndGlobalSection
	GlobalSection(SubversionScc) = preSolution
		Svn-Managed = True
		Manager = AnkhSVN - Subversion Support for Visual Studio
	EndGlobalSection
EndGlobal
