
Microsoft Visual Studio Solution File, Format Version 12.00
# Visual Studio Express 2012 for Windows Desktop
Project("{2150E333-8FDC-42A3-9474-1A3956D46DE8}") = "Reference Documentation", "Reference Documentation", "{C5B15F27-C604-4D10-A432-6E4486A42077}"
	ProjectSection(SolutionItems) = preProject
		Docs\ReasonCodes.h = Docs\ReasonCodes.h
		Docs\VP.h = Docs\VP.h
	EndProjectSection
EndProject
Project("{FAE04EC0-301F-11D3-BF4B-00C04F79EFBC}") = "VPNet.Examples", "VPNet.Examples\VPNet.Examples.csproj", "{546B2D02-1A97-4CB4-B0A7-D3970FB4DECB}"
EndProject
Project("{FAE04EC0-301F-11D3-BF4B-00C04F79EFBC}") = "VPNet", "VPNet\VPNet.csproj", "{DBE501A7-0176-473F-B2E8-F4ADA721917F}"
EndProject
Project("{FAE04EC0-301F-11D3-BF4B-00C04F79EFBC}") = "VPNet.UnitTests", "VPNet.UnitTests\VPNet.UnitTests.csproj", "{F9B6BBB6-ED9C-498A-9EF3-A350C0BAD947}"
EndProject
Global
	GlobalSection(SolutionConfigurationPlatforms) = preSolution
		Debug|Any CPU = Debug|Any CPU
		Debug|Mixed Platforms = Debug|Mixed Platforms
		Debug|x86 = Debug|x86
		Release|Any CPU = Release|Any CPU
		Release|Mixed Platforms = Release|Mixed Platforms
		Release|x86 = Release|x86
	EndGlobalSection
	GlobalSection(ProjectConfigurationPlatforms) = postSolution
		{546B2D02-1A97-4CB4-B0A7-D3970FB4DECB}.Debug|Any CPU.ActiveCfg = Debug|x86
		{546B2D02-1A97-4CB4-B0A7-D3970FB4DECB}.Debug|Mixed Platforms.ActiveCfg = Debug|x86
		{546B2D02-1A97-4CB4-B0A7-D3970FB4DECB}.Debug|x86.ActiveCfg = Debug|x86
		{546B2D02-1A97-4CB4-B0A7-D3970FB4DECB}.Debug|x86.Build.0 = Debug|x86
		{546B2D02-1A97-4CB4-B0A7-D3970FB4DECB}.Release|Any CPU.ActiveCfg = Release|x86
		{546B2D02-1A97-4CB4-B0A7-D3970FB4DECB}.Release|Mixed Platforms.ActiveCfg = Release|x86
		{546B2D02-1A97-4CB4-B0A7-D3970FB4DECB}.Release|Mixed Platforms.Build.0 = Release|x86
		{546B2D02-1A97-4CB4-B0A7-D3970FB4DECB}.Release|x86.ActiveCfg = Release|x86
		{546B2D02-1A97-4CB4-B0A7-D3970FB4DECB}.Release|x86.Build.0 = Release|x86
		{DBE501A7-0176-473F-B2E8-F4ADA721917F}.Debug|Any CPU.ActiveCfg = Debug|Any CPU
		{DBE501A7-0176-473F-B2E8-F4ADA721917F}.Debug|Any CPU.Build.0 = Debug|Any CPU
		{DBE501A7-0176-473F-B2E8-F4ADA721917F}.Debug|Mixed Platforms.ActiveCfg = Debug|Any CPU
		{DBE501A7-0176-473F-B2E8-F4ADA721917F}.Debug|Mixed Platforms.Build.0 = Debug|Any CPU
		{DBE501A7-0176-473F-B2E8-F4ADA721917F}.Debug|x86.ActiveCfg = Debug|Any CPU
		{DBE501A7-0176-473F-B2E8-F4ADA721917F}.Release|Any CPU.ActiveCfg = Release|Any CPU
		{DBE501A7-0176-473F-B2E8-F4ADA721917F}.Release|Any CPU.Build.0 = Release|Any CPU
		{DBE501A7-0176-473F-B2E8-F4ADA721917F}.Release|Mixed Platforms.ActiveCfg = Release|Any CPU
		{DBE501A7-0176-473F-B2E8-F4ADA721917F}.Release|Mixed Platforms.Build.0 = Release|Any CPU
		{DBE501A7-0176-473F-B2E8-F4ADA721917F}.Release|x86.ActiveCfg = Release|Any CPU
		{F9B6BBB6-ED9C-498A-9EF3-A350C0BAD947}.Debug|Any CPU.ActiveCfg = Debug|Any CPU
		{F9B6BBB6-ED9C-498A-9EF3-A350C0BAD947}.Debug|Any CPU.Build.0 = Debug|Any CPU
		{F9B6BBB6-ED9C-498A-9EF3-A350C0BAD947}.Debug|Mixed Platforms.ActiveCfg = Debug|Any CPU
		{F9B6BBB6-ED9C-498A-9EF3-A350C0BAD947}.Debug|x86.ActiveCfg = Debug|Any CPU
		{F9B6BBB6-ED9C-498A-9EF3-A350C0BAD947}.Release|Any CPU.ActiveCfg = Release|Any CPU
		{F9B6BBB6-ED9C-498A-9EF3-A350C0BAD947}.Release|Any CPU.Build.0 = Release|Any CPU
		{F9B6BBB6-ED9C-498A-9EF3-A350C0BAD947}.Release|Mixed Platforms.ActiveCfg = Release|Any CPU
		{F9B6BBB6-ED9C-498A-9EF3-A350C0BAD947}.Release|Mixed Platforms.Build.0 = Release|Any CPU
		{F9B6BBB6-ED9C-498A-9EF3-A350C0BAD947}.Release|x86.ActiveCfg = Release|Any CPU
	EndGlobalSection
	GlobalSection(SolutionProperties) = preSolution
		HideSolutionNode = FALSE
	EndGlobalSection
	GlobalSection(SubversionScc) = preSolution
		Svn-Managed = True
		Manager = AnkhSVN - Subversion Support for Visual Studio
	EndGlobalSection
EndGlobal
